// !$*UTF8*$!
{
	archiveVersion = 1;
	classes = {
	};
	objectVersion = 56;
	objects = {

/* Begin PBXBuildFile section */
		8E0C8FCA29BB310E003104FB /* Kingfisher in Frameworks */ = {isa = PBXBuildFile; productRef = 8E0C8FC929BB310E003104FB /* Kingfisher */; };
		8E0C8FCC29BB3F2F003104FB /* ReсipeList.swift in Sources */ = {isa = PBXBuildFile; fileRef = 8E0C8FCB29BB3F2F003104FB /* ReсipeList.swift */; };
		8E0C8FCE29BB3FD0003104FB /* RecipeOfCategoryList.swift in Sources */ = {isa = PBXBuildFile; fileRef = 8E0C8FCD29BB3FD0003104FB /* RecipeOfCategoryList.swift */; };
		8E0C8FD029BB968E003104FB /* HomeTableHeaderView.swift in Sources */ = {isa = PBXBuildFile; fileRef = 8E0C8FCF29BB968E003104FB /* HomeTableHeaderView.swift */; };
		8E16671829B5F07A0096475C /* RecipeCollectionViewCell.swift in Sources */ = {isa = PBXBuildFile; fileRef = 8E16671729B5F07A0096475C /* RecipeCollectionViewCell.swift */; };
		8E16CC3E29B5AE5700707E78 /* Montserrat-Black.ttf in Resources */ = {isa = PBXBuildFile; fileRef = 8E46D21329A482DF001D1106 /* Montserrat-Black.ttf */; };
		8E3E5EC029B737850063553B /* UIColor+Extension.swift in Sources */ = {isa = PBXBuildFile; fileRef = 8E3E5EBF29B737850063553B /* UIColor+Extension.swift */; };
		8E3E5EC229B737C40063553B /* UIFont+Extension.swift in Sources */ = {isa = PBXBuildFile; fileRef = 8E3E5EC129B737C40063553B /* UIFont+Extension.swift */; };
		8E3E5EC429B737EA0063553B /* UIView+Extension.swift in Sources */ = {isa = PBXBuildFile; fileRef = 8E3E5EC329B737EA0063553B /* UIView+Extension.swift */; };
		8E3E5EC629B7998C0063553B /* NameOfRecipeTableViewCell.swift in Sources */ = {isa = PBXBuildFile; fileRef = 8E3E5EC529B7998C0063553B /* NameOfRecipeTableViewCell.swift */; };
		8E3E5EC829B79B390063553B /* LabelWithInsets.swift in Sources */ = {isa = PBXBuildFile; fileRef = 8E3E5EC729B79B390063553B /* LabelWithInsets.swift */; };
		8E3E5ECA29B7A58D0063553B /* IngredientsTableViewCell.swift in Sources */ = {isa = PBXBuildFile; fileRef = 8E3E5EC929B7A58D0063553B /* IngredientsTableViewCell.swift */; };
		8E3E5ECC29B7A5D90063553B /* InstructionsTableViewCell.swift in Sources */ = {isa = PBXBuildFile; fileRef = 8E3E5ECB29B7A5D90063553B /* InstructionsTableViewCell.swift */; };
		8E3E5ECE29B7A77A0063553B /* CookingFooterView.swift in Sources */ = {isa = PBXBuildFile; fileRef = 8E3E5ECD29B7A77A0063553B /* CookingFooterView.swift */; };
		8E3E5ED029B7A9160063553B /* CookingFooterTableViewCell.swift in Sources */ = {isa = PBXBuildFile; fileRef = 8E3E5ECF29B7A9160063553B /* CookingFooterTableViewCell.swift */; };
		8E3E5ED329B8E0420063553B /* ApiManager.swift in Sources */ = {isa = PBXBuildFile; fileRef = 8E3E5ED229B8E0420063553B /* ApiManager.swift */; };
		8E3E5ED629BA40F80063553B /* CategoriesList.swift in Sources */ = {isa = PBXBuildFile; fileRef = 8E3E5ED529BA40F80063553B /* CategoriesList.swift */; };
		8E40DF4229A76A7C001A7E8B /* AllRecipesTableViewController.swift in Sources */ = {isa = PBXBuildFile; fileRef = 8E40DF4129A76A7C001A7E8B /* AllRecipesTableViewController.swift */; };
		8E40DF4429A770A3001A7E8B /* HeaderView.swift in Sources */ = {isa = PBXBuildFile; fileRef = 8E40DF4329A770A3001A7E8B /* HeaderView.swift */; };
		8E41FA4929A47E6F0068C678 /* AppDelegate.swift in Sources */ = {isa = PBXBuildFile; fileRef = 8E41FA4829A47E6F0068C678 /* AppDelegate.swift */; };
		8E41FA4B29A47E6F0068C678 /* SceneDelegate.swift in Sources */ = {isa = PBXBuildFile; fileRef = 8E41FA4A29A47E6F0068C678 /* SceneDelegate.swift */; };
		8E41FA4D29A47E6F0068C678 /* LoginViewController.swift in Sources */ = {isa = PBXBuildFile; fileRef = 8E41FA4C29A47E6F0068C678 /* LoginViewController.swift */; };
		8E41FA5229A47E710068C678 /* Assets.xcassets in Resources */ = {isa = PBXBuildFile; fileRef = 8E41FA5129A47E710068C678 /* Assets.xcassets */; };
		8E46D22129A482E0001D1106 /* Montserrat-Light.ttf in Resources */ = {isa = PBXBuildFile; fileRef = 8E46D20F29A482DF001D1106 /* Montserrat-Light.ttf */; };
		8E46D22229A482E0001D1106 /* Montserrat-ExtraLightItalic.ttf in Resources */ = {isa = PBXBuildFile; fileRef = 8E46D21029A482DF001D1106 /* Montserrat-ExtraLightItalic.ttf */; };
		8E46D22329A482E0001D1106 /* Montserrat-LightItalic.ttf in Resources */ = {isa = PBXBuildFile; fileRef = 8E46D21129A482DF001D1106 /* Montserrat-LightItalic.ttf */; };
		8E46D22429A482E0001D1106 /* Montserrat-ExtraBoldItalic.ttf in Resources */ = {isa = PBXBuildFile; fileRef = 8E46D21229A482DF001D1106 /* Montserrat-ExtraBoldItalic.ttf */; };
		8E46D22629A482E0001D1106 /* Montserrat-Thin.ttf in Resources */ = {isa = PBXBuildFile; fileRef = 8E46D21429A482DF001D1106 /* Montserrat-Thin.ttf */; };
		8E46D22729A482E0001D1106 /* Montserrat-ThinItalic.ttf in Resources */ = {isa = PBXBuildFile; fileRef = 8E46D21529A482DF001D1106 /* Montserrat-ThinItalic.ttf */; };
		8E46D22829A482E0001D1106 /* Montserrat-Bold.ttf in Resources */ = {isa = PBXBuildFile; fileRef = 8E46D21629A482DF001D1106 /* Montserrat-Bold.ttf */; };
		8E46D22929A482E0001D1106 /* Montserrat-BlackItalic.ttf in Resources */ = {isa = PBXBuildFile; fileRef = 8E46D21729A482DF001D1106 /* Montserrat-BlackItalic.ttf */; };
		8E46D22A29A482E0001D1106 /* Montserrat-BoldItalic.ttf in Resources */ = {isa = PBXBuildFile; fileRef = 8E46D21829A482DF001D1106 /* Montserrat-BoldItalic.ttf */; };
		8E46D22B29A482E0001D1106 /* Montserrat-Medium.ttf in Resources */ = {isa = PBXBuildFile; fileRef = 8E46D21929A482DF001D1106 /* Montserrat-Medium.ttf */; };
		8E46D22C29A482E0001D1106 /* Montserrat-ExtraBold.ttf in Resources */ = {isa = PBXBuildFile; fileRef = 8E46D21A29A482DF001D1106 /* Montserrat-ExtraBold.ttf */; };
		8E46D22D29A482E0001D1106 /* Montserrat-SemiBoldItalic.ttf in Resources */ = {isa = PBXBuildFile; fileRef = 8E46D21B29A482DF001D1106 /* Montserrat-SemiBoldItalic.ttf */; };
		8E46D22E29A482E0001D1106 /* Montserrat-Italic.ttf in Resources */ = {isa = PBXBuildFile; fileRef = 8E46D21C29A482E0001D1106 /* Montserrat-Italic.ttf */; };
		8E46D22F29A482E0001D1106 /* Montserrat-MediumItalic.ttf in Resources */ = {isa = PBXBuildFile; fileRef = 8E46D21D29A482E0001D1106 /* Montserrat-MediumItalic.ttf */; };
		8E46D23029A482E0001D1106 /* Montserrat-ExtraLight.ttf in Resources */ = {isa = PBXBuildFile; fileRef = 8E46D21E29A482E0001D1106 /* Montserrat-ExtraLight.ttf */; };
		8E46D23129A482E0001D1106 /* Montserrat-Regular.ttf in Resources */ = {isa = PBXBuildFile; fileRef = 8E46D21F29A482E0001D1106 /* Montserrat-Regular.ttf */; };
		8E46D23229A482E0001D1106 /* Montserrat-SemiBold.ttf in Resources */ = {isa = PBXBuildFile; fileRef = 8E46D22029A482E0001D1106 /* Montserrat-SemiBold.ttf */; };
		8E46D23829A4C328001D1106 /* ScreensaverViewController.swift in Sources */ = {isa = PBXBuildFile; fileRef = 8E46D23729A4C328001D1106 /* ScreensaverViewController.swift */; };
		8E46D23C29A4CB2C001D1106 /* TextFieldView.swift in Sources */ = {isa = PBXBuildFile; fileRef = 8E46D23B29A4CB2C001D1106 /* TextFieldView.swift */; };
		8E46D24029A5D1C4001D1106 /* RegistrationViewController.swift in Sources */ = {isa = PBXBuildFile; fileRef = 8E46D23F29A5D1C4001D1106 /* RegistrationViewController.swift */; };
		8E46D24329A617E8001D1106 /* ProfileViewController.swift in Sources */ = {isa = PBXBuildFile; fileRef = 8E46D24229A617E8001D1106 /* ProfileViewController.swift */; };
		8E46D24629A691D9001D1106 /* HomeTableViewController.swift in Sources */ = {isa = PBXBuildFile; fileRef = 8E46D24529A691D9001D1106 /* HomeTableViewController.swift */; };
		8E46D24A29A69251001D1106 /* RecipeCardView.swift in Sources */ = {isa = PBXBuildFile; fileRef = 8E46D24929A69251001D1106 /* RecipeCardView.swift */; };
		8E46D24C29A69AB5001D1106 /* RecipeTableViewCell.swift in Sources */ = {isa = PBXBuildFile; fileRef = 8E46D24B29A69AB5001D1106 /* RecipeTableViewCell.swift */; };
		8E46D25029A69EF1001D1106 /* CategorieTableViewCell.swift in Sources */ = {isa = PBXBuildFile; fileRef = 8E46D24F29A69EF1001D1106 /* CategorieTableViewCell.swift */; };
		8E4F4A5C29B5AF9700678DE2 /* TagCollectionViewCell.swift in Sources */ = {isa = PBXBuildFile; fileRef = 8E4F4A5B29B5AF9700678DE2 /* TagCollectionViewCell.swift */; };
		8E76C2FB29D69E5800A96A34 /* GoogleService-Info.plist in Resources */ = {isa = PBXBuildFile; fileRef = 8E76C2FA29D69E5800A96A34 /* GoogleService-Info.plist */; };
		8E76C2FE29D6A32200A96A34 /* FirebaseAnalyticsSwift in Frameworks */ = {isa = PBXBuildFile; productRef = 8E76C2FD29D6A32200A96A34 /* FirebaseAnalyticsSwift */; };
		8E76C30029D6A32200A96A34 /* FirebaseAuth in Frameworks */ = {isa = PBXBuildFile; productRef = 8E76C2FF29D6A32200A96A34 /* FirebaseAuth */; };
		8E76C30229D6A32200A96A34 /* FirebaseCrashlytics in Frameworks */ = {isa = PBXBuildFile; productRef = 8E76C30129D6A32200A96A34 /* FirebaseCrashlytics */; };
		8E76C30429D6A32200A96A34 /* FirebaseDatabaseSwift in Frameworks */ = {isa = PBXBuildFile; productRef = 8E76C30329D6A32200A96A34 /* FirebaseDatabaseSwift */; };
		8E76C30629D6A32200A96A34 /* FirebaseMessaging in Frameworks */ = {isa = PBXBuildFile; productRef = 8E76C30529D6A32200A96A34 /* FirebaseMessaging */; };
		8E76C30829D6A32200A96A34 /* FirebaseRemoteConfigSwift in Frameworks */ = {isa = PBXBuildFile; productRef = 8E76C30729D6A32200A96A34 /* FirebaseRemoteConfigSwift */; };
		8E76C30B29D83F1600A96A34 /* RecipePresenting.swift in Sources */ = {isa = PBXBuildFile; fileRef = 8E76C30A29D83F1600A96A34 /* RecipePresenting.swift */; };
		8E76C30D29D8444A00A96A34 /* TagsType.swift in Sources */ = {isa = PBXBuildFile; fileRef = 8E76C30C29D8444A00A96A34 /* TagsType.swift */; };
		8E88173529C70F7000CDDC7E /* LaunchScreen.storyboard in Resources */ = {isa = PBXBuildFile; fileRef = 8E41FA5329A47E710068C678 /* LaunchScreen.storyboard */; };
		8E88173729C8B19800CDDC7E /* SearchCompositionalLayout.swift in Sources */ = {isa = PBXBuildFile; fileRef = 8E88173629C8B19800CDDC7E /* SearchCompositionalLayout.swift */; };
		8E88173929C8DCB900CDDC7E /* CategoriesTagList.swift in Sources */ = {isa = PBXBuildFile; fileRef = 8E88173829C8DCB900CDDC7E /* CategoriesTagList.swift */; };
		8E88173B29C8DCC900CDDC7E /* IngredientsTagList.swift in Sources */ = {isa = PBXBuildFile; fileRef = 8E88173A29C8DCC900CDDC7E /* IngredientsTagList.swift */; };
		8E88173D29C8DCD600CDDC7E /* AreasTagList.swift in Sources */ = {isa = PBXBuildFile; fileRef = 8E88173C29C8DCD600CDDC7E /* AreasTagList.swift */; };
		8E88173F29C9AF7E00CDDC7E /* SearchHeaderView.swift in Sources */ = {isa = PBXBuildFile; fileRef = 8E88173E29C9AF7D00CDDC7E /* SearchHeaderView.swift */; };
		8E88174429CA332A00CDDC7E /* UILabel+Extension.swift in Sources */ = {isa = PBXBuildFile; fileRef = 8E88174329CA332A00CDDC7E /* UILabel+Extension.swift */; };
		8E88174729CAC5D900CDDC7E /* AllTagsCollectionViewController.swift in Sources */ = {isa = PBXBuildFile; fileRef = 8E88174629CAC5D900CDDC7E /* AllTagsCollectionViewController.swift */; };
		8E91DB4329ED091C0087DB00 /* FavouriteManager.swift in Sources */ = {isa = PBXBuildFile; fileRef = 8E91DB4229ED091C0087DB00 /* FavouriteManager.swift */; };
		8E91DB8629F2D0EE0087DB00 /* FirebaseStorage in Frameworks */ = {isa = PBXBuildFile; productRef = 8E91DB8529F2D0EE0087DB00 /* FirebaseStorage */; };
		8ECF034229BDDD5900A21A9D /* RecipesOfCategoryTableViewController.swift in Sources */ = {isa = PBXBuildFile; fileRef = 8ECF034129BDDD5900A21A9D /* RecipesOfCategoryTableViewController.swift */; };
		8EDB32A129AF9B9700DA5B61 /* SearchCollectionViewController.swift in Sources */ = {isa = PBXBuildFile; fileRef = 8EDB32A029AF9B9700DA5B61 /* SearchCollectionViewController.swift */; };
		8EDB32A629AF9C6400DA5B61 /* FavouritesTableViewController.swift in Sources */ = {isa = PBXBuildFile; fileRef = 8EDB32A529AF9C6400DA5B61 /* FavouritesTableViewController.swift */; };
		8EFF463B29B22F0D00AD3CC9 /* CookingViewController.swift in Sources */ = {isa = PBXBuildFile; fileRef = 8EFF463A29B22F0D00AD3CC9 /* CookingViewController.swift */; };
		8EFF463F29B22FCB00AD3CC9 /* CookingHeaderView.swift in Sources */ = {isa = PBXBuildFile; fileRef = 8EFF463E29B22FCB00AD3CC9 /* CookingHeaderView.swift */; };
/* End PBXBuildFile section */

/* Begin PBXFileReference section */
		8E0C8FCB29BB3F2F003104FB /* ReсipeList.swift */ = {isa = PBXFileReference; lastKnownFileType = sourcecode.swift; path = "ReсipeList.swift"; sourceTree = "<group>"; };
		8E0C8FCD29BB3FD0003104FB /* RecipeOfCategoryList.swift */ = {isa = PBXFileReference; lastKnownFileType = sourcecode.swift; path = RecipeOfCategoryList.swift; sourceTree = "<group>"; };
		8E0C8FCF29BB968E003104FB /* HomeTableHeaderView.swift */ = {isa = PBXFileReference; lastKnownFileType = sourcecode.swift; path = HomeTableHeaderView.swift; sourceTree = "<group>"; };
		8E16671729B5F07A0096475C /* RecipeCollectionViewCell.swift */ = {isa = PBXFileReference; lastKnownFileType = sourcecode.swift; path = RecipeCollectionViewCell.swift; sourceTree = "<group>"; };
		8E3E5EBF29B737850063553B /* UIColor+Extension.swift */ = {isa = PBXFileReference; lastKnownFileType = sourcecode.swift; path = "UIColor+Extension.swift"; sourceTree = "<group>"; };
		8E3E5EC129B737C40063553B /* UIFont+Extension.swift */ = {isa = PBXFileReference; lastKnownFileType = sourcecode.swift; path = "UIFont+Extension.swift"; sourceTree = "<group>"; };
		8E3E5EC329B737EA0063553B /* UIView+Extension.swift */ = {isa = PBXFileReference; lastKnownFileType = sourcecode.swift; path = "UIView+Extension.swift"; sourceTree = "<group>"; };
		8E3E5EC529B7998C0063553B /* NameOfRecipeTableViewCell.swift */ = {isa = PBXFileReference; lastKnownFileType = sourcecode.swift; path = NameOfRecipeTableViewCell.swift; sourceTree = "<group>"; };
		8E3E5EC729B79B390063553B /* LabelWithInsets.swift */ = {isa = PBXFileReference; lastKnownFileType = sourcecode.swift; path = LabelWithInsets.swift; sourceTree = "<group>"; };
		8E3E5EC929B7A58D0063553B /* IngredientsTableViewCell.swift */ = {isa = PBXFileReference; lastKnownFileType = sourcecode.swift; path = IngredientsTableViewCell.swift; sourceTree = "<group>"; };
		8E3E5ECB29B7A5D90063553B /* InstructionsTableViewCell.swift */ = {isa = PBXFileReference; lastKnownFileType = sourcecode.swift; path = InstructionsTableViewCell.swift; sourceTree = "<group>"; };
		8E3E5ECD29B7A77A0063553B /* CookingFooterView.swift */ = {isa = PBXFileReference; lastKnownFileType = sourcecode.swift; path = CookingFooterView.swift; sourceTree = "<group>"; };
		8E3E5ECF29B7A9160063553B /* CookingFooterTableViewCell.swift */ = {isa = PBXFileReference; lastKnownFileType = sourcecode.swift; path = CookingFooterTableViewCell.swift; sourceTree = "<group>"; };
		8E3E5ED229B8E0420063553B /* ApiManager.swift */ = {isa = PBXFileReference; lastKnownFileType = sourcecode.swift; path = ApiManager.swift; sourceTree = "<group>"; };
		8E3E5ED529BA40F80063553B /* CategoriesList.swift */ = {isa = PBXFileReference; lastKnownFileType = sourcecode.swift; path = CategoriesList.swift; sourceTree = "<group>"; };
		8E40DF4129A76A7C001A7E8B /* AllRecipesTableViewController.swift */ = {isa = PBXFileReference; lastKnownFileType = sourcecode.swift; path = AllRecipesTableViewController.swift; sourceTree = "<group>"; };
		8E40DF4329A770A3001A7E8B /* HeaderView.swift */ = {isa = PBXFileReference; lastKnownFileType = sourcecode.swift; path = HeaderView.swift; sourceTree = "<group>"; };
		8E41FA4529A47E6F0068C678 /* MakeSomeFood.app */ = {isa = PBXFileReference; explicitFileType = wrapper.application; includeInIndex = 0; path = MakeSomeFood.app; sourceTree = BUILT_PRODUCTS_DIR; };
		8E41FA4829A47E6F0068C678 /* AppDelegate.swift */ = {isa = PBXFileReference; lastKnownFileType = sourcecode.swift; path = AppDelegate.swift; sourceTree = "<group>"; };
		8E41FA4A29A47E6F0068C678 /* SceneDelegate.swift */ = {isa = PBXFileReference; lastKnownFileType = sourcecode.swift; path = SceneDelegate.swift; sourceTree = "<group>"; };
		8E41FA4C29A47E6F0068C678 /* LoginViewController.swift */ = {isa = PBXFileReference; lastKnownFileType = sourcecode.swift; path = LoginViewController.swift; sourceTree = "<group>"; };
		8E41FA5129A47E710068C678 /* Assets.xcassets */ = {isa = PBXFileReference; lastKnownFileType = folder.assetcatalog; path = Assets.xcassets; sourceTree = "<group>"; };
		8E41FA5429A47E710068C678 /* Base */ = {isa = PBXFileReference; lastKnownFileType = file.storyboard; name = Base; path = Base.lproj/LaunchScreen.storyboard; sourceTree = "<group>"; };
		8E41FA5629A47E710068C678 /* Info.plist */ = {isa = PBXFileReference; lastKnownFileType = text.plist.xml; path = Info.plist; sourceTree = "<group>"; };
		8E46D20F29A482DF001D1106 /* Montserrat-Light.ttf */ = {isa = PBXFileReference; lastKnownFileType = file; path = "Montserrat-Light.ttf"; sourceTree = "<group>"; };
		8E46D21029A482DF001D1106 /* Montserrat-ExtraLightItalic.ttf */ = {isa = PBXFileReference; lastKnownFileType = file; path = "Montserrat-ExtraLightItalic.ttf"; sourceTree = "<group>"; };
		8E46D21129A482DF001D1106 /* Montserrat-LightItalic.ttf */ = {isa = PBXFileReference; lastKnownFileType = file; path = "Montserrat-LightItalic.ttf"; sourceTree = "<group>"; };
		8E46D21229A482DF001D1106 /* Montserrat-ExtraBoldItalic.ttf */ = {isa = PBXFileReference; lastKnownFileType = file; path = "Montserrat-ExtraBoldItalic.ttf"; sourceTree = "<group>"; };
		8E46D21329A482DF001D1106 /* Montserrat-Black.ttf */ = {isa = PBXFileReference; lastKnownFileType = file; path = "Montserrat-Black.ttf"; sourceTree = "<group>"; };
		8E46D21429A482DF001D1106 /* Montserrat-Thin.ttf */ = {isa = PBXFileReference; lastKnownFileType = file; path = "Montserrat-Thin.ttf"; sourceTree = "<group>"; };
		8E46D21529A482DF001D1106 /* Montserrat-ThinItalic.ttf */ = {isa = PBXFileReference; lastKnownFileType = file; path = "Montserrat-ThinItalic.ttf"; sourceTree = "<group>"; };
		8E46D21629A482DF001D1106 /* Montserrat-Bold.ttf */ = {isa = PBXFileReference; lastKnownFileType = file; path = "Montserrat-Bold.ttf"; sourceTree = "<group>"; };
		8E46D21729A482DF001D1106 /* Montserrat-BlackItalic.ttf */ = {isa = PBXFileReference; lastKnownFileType = file; path = "Montserrat-BlackItalic.ttf"; sourceTree = "<group>"; };
		8E46D21829A482DF001D1106 /* Montserrat-BoldItalic.ttf */ = {isa = PBXFileReference; lastKnownFileType = file; path = "Montserrat-BoldItalic.ttf"; sourceTree = "<group>"; };
		8E46D21929A482DF001D1106 /* Montserrat-Medium.ttf */ = {isa = PBXFileReference; lastKnownFileType = file; path = "Montserrat-Medium.ttf"; sourceTree = "<group>"; };
		8E46D21A29A482DF001D1106 /* Montserrat-ExtraBold.ttf */ = {isa = PBXFileReference; lastKnownFileType = file; path = "Montserrat-ExtraBold.ttf"; sourceTree = "<group>"; };
		8E46D21B29A482DF001D1106 /* Montserrat-SemiBoldItalic.ttf */ = {isa = PBXFileReference; lastKnownFileType = file; path = "Montserrat-SemiBoldItalic.ttf"; sourceTree = "<group>"; };
		8E46D21C29A482E0001D1106 /* Montserrat-Italic.ttf */ = {isa = PBXFileReference; lastKnownFileType = file; path = "Montserrat-Italic.ttf"; sourceTree = "<group>"; };
		8E46D21D29A482E0001D1106 /* Montserrat-MediumItalic.ttf */ = {isa = PBXFileReference; lastKnownFileType = file; path = "Montserrat-MediumItalic.ttf"; sourceTree = "<group>"; };
		8E46D21E29A482E0001D1106 /* Montserrat-ExtraLight.ttf */ = {isa = PBXFileReference; lastKnownFileType = file; path = "Montserrat-ExtraLight.ttf"; sourceTree = "<group>"; };
		8E46D21F29A482E0001D1106 /* Montserrat-Regular.ttf */ = {isa = PBXFileReference; lastKnownFileType = file; path = "Montserrat-Regular.ttf"; sourceTree = "<group>"; };
		8E46D22029A482E0001D1106 /* Montserrat-SemiBold.ttf */ = {isa = PBXFileReference; lastKnownFileType = file; path = "Montserrat-SemiBold.ttf"; sourceTree = "<group>"; };
		8E46D23729A4C328001D1106 /* ScreensaverViewController.swift */ = {isa = PBXFileReference; lastKnownFileType = sourcecode.swift; path = ScreensaverViewController.swift; sourceTree = "<group>"; };
		8E46D23B29A4CB2C001D1106 /* TextFieldView.swift */ = {isa = PBXFileReference; lastKnownFileType = sourcecode.swift; path = TextFieldView.swift; sourceTree = "<group>"; };
		8E46D23F29A5D1C4001D1106 /* RegistrationViewController.swift */ = {isa = PBXFileReference; lastKnownFileType = sourcecode.swift; path = RegistrationViewController.swift; sourceTree = "<group>"; };
		8E46D24229A617E8001D1106 /* ProfileViewController.swift */ = {isa = PBXFileReference; lastKnownFileType = sourcecode.swift; path = ProfileViewController.swift; sourceTree = "<group>"; };
		8E46D24529A691D9001D1106 /* HomeTableViewController.swift */ = {isa = PBXFileReference; lastKnownFileType = sourcecode.swift; path = HomeTableViewController.swift; sourceTree = "<group>"; };
		8E46D24929A69251001D1106 /* RecipeCardView.swift */ = {isa = PBXFileReference; lastKnownFileType = sourcecode.swift; path = RecipeCardView.swift; sourceTree = "<group>"; };
		8E46D24B29A69AB5001D1106 /* RecipeTableViewCell.swift */ = {isa = PBXFileReference; lastKnownFileType = sourcecode.swift; path = RecipeTableViewCell.swift; sourceTree = "<group>"; };
		8E46D24F29A69EF1001D1106 /* CategorieTableViewCell.swift */ = {isa = PBXFileReference; lastKnownFileType = sourcecode.swift; path = CategorieTableViewCell.swift; sourceTree = "<group>"; };
		8E4F4A5B29B5AF9700678DE2 /* TagCollectionViewCell.swift */ = {isa = PBXFileReference; lastKnownFileType = sourcecode.swift; path = TagCollectionViewCell.swift; sourceTree = "<group>"; };
		8E76C2FA29D69E5800A96A34 /* GoogleService-Info.plist */ = {isa = PBXFileReference; fileEncoding = 4; lastKnownFileType = text.plist.xml; path = "GoogleService-Info.plist"; sourceTree = "<group>"; };
		8E76C30A29D83F1600A96A34 /* RecipePresenting.swift */ = {isa = PBXFileReference; lastKnownFileType = sourcecode.swift; path = RecipePresenting.swift; sourceTree = "<group>"; };
		8E76C30C29D8444A00A96A34 /* TagsType.swift */ = {isa = PBXFileReference; lastKnownFileType = sourcecode.swift; path = TagsType.swift; sourceTree = "<group>"; };
		8E88173629C8B19800CDDC7E /* SearchCompositionalLayout.swift */ = {isa = PBXFileReference; fileEncoding = 4; lastKnownFileType = sourcecode.swift; path = SearchCompositionalLayout.swift; sourceTree = "<group>"; };
		8E88173829C8DCB900CDDC7E /* CategoriesTagList.swift */ = {isa = PBXFileReference; lastKnownFileType = sourcecode.swift; path = CategoriesTagList.swift; sourceTree = "<group>"; };
		8E88173A29C8DCC900CDDC7E /* IngredientsTagList.swift */ = {isa = PBXFileReference; lastKnownFileType = sourcecode.swift; path = IngredientsTagList.swift; sourceTree = "<group>"; };
		8E88173C29C8DCD600CDDC7E /* AreasTagList.swift */ = {isa = PBXFileReference; lastKnownFileType = sourcecode.swift; path = AreasTagList.swift; sourceTree = "<group>"; };
		8E88173E29C9AF7D00CDDC7E /* SearchHeaderView.swift */ = {isa = PBXFileReference; lastKnownFileType = sourcecode.swift; path = SearchHeaderView.swift; sourceTree = "<group>"; };
		8E88174329CA332A00CDDC7E /* UILabel+Extension.swift */ = {isa = PBXFileReference; lastKnownFileType = sourcecode.swift; path = "UILabel+Extension.swift"; sourceTree = "<group>"; };
		8E88174629CAC5D900CDDC7E /* AllTagsCollectionViewController.swift */ = {isa = PBXFileReference; lastKnownFileType = sourcecode.swift; path = AllTagsCollectionViewController.swift; sourceTree = "<group>"; };
		8E91DB4229ED091C0087DB00 /* FavouriteManager.swift */ = {isa = PBXFileReference; lastKnownFileType = sourcecode.swift; path = FavouriteManager.swift; sourceTree = "<group>"; };
		8ECF034129BDDD5900A21A9D /* RecipesOfCategoryTableViewController.swift */ = {isa = PBXFileReference; lastKnownFileType = sourcecode.swift; path = RecipesOfCategoryTableViewController.swift; sourceTree = "<group>"; };
		8EDB32A029AF9B9700DA5B61 /* SearchCollectionViewController.swift */ = {isa = PBXFileReference; lastKnownFileType = sourcecode.swift; path = SearchCollectionViewController.swift; sourceTree = "<group>"; };
		8EDB32A529AF9C6400DA5B61 /* FavouritesTableViewController.swift */ = {isa = PBXFileReference; lastKnownFileType = sourcecode.swift; path = FavouritesTableViewController.swift; sourceTree = "<group>"; };
		8EFF463A29B22F0D00AD3CC9 /* CookingViewController.swift */ = {isa = PBXFileReference; lastKnownFileType = sourcecode.swift; path = CookingViewController.swift; sourceTree = "<group>"; };
		8EFF463E29B22FCB00AD3CC9 /* CookingHeaderView.swift */ = {isa = PBXFileReference; lastKnownFileType = sourcecode.swift; path = CookingHeaderView.swift; sourceTree = "<group>"; };
/* End PBXFileReference section */

/* Begin PBXFrameworksBuildPhase section */
		8E41FA4229A47E6F0068C678 /* Frameworks */ = {
			isa = PBXFrameworksBuildPhase;
			buildActionMask = 2147483647;
			files = (
				8E76C30629D6A32200A96A34 /* FirebaseMessaging in Frameworks */,
				8E76C30429D6A32200A96A34 /* FirebaseDatabaseSwift in Frameworks */,
				8E76C2FE29D6A32200A96A34 /* FirebaseAnalyticsSwift in Frameworks */,
				8E76C30829D6A32200A96A34 /* FirebaseRemoteConfigSwift in Frameworks */,
				8E76C30229D6A32200A96A34 /* FirebaseCrashlytics in Frameworks */,
				8E91DB8629F2D0EE0087DB00 /* FirebaseStorage in Frameworks */,
				8E76C30029D6A32200A96A34 /* FirebaseAuth in Frameworks */,
				8E0C8FCA29BB310E003104FB /* Kingfisher in Frameworks */,
			);
			runOnlyForDeploymentPostprocessing = 0;
		};
/* End PBXFrameworksBuildPhase section */

/* Begin PBXGroup section */
		8E3E5EBE29B7376D0063553B /* Helpers */ = {
			isa = PBXGroup;
			children = (
				8E3E5EC729B79B390063553B /* LabelWithInsets.swift */,
				8E76C30A29D83F1600A96A34 /* RecipePresenting.swift */,
				8E76C30C29D8444A00A96A34 /* TagsType.swift */,
				8E3E5EBF29B737850063553B /* UIColor+Extension.swift */,
				8E3E5EC129B737C40063553B /* UIFont+Extension.swift */,
				8E3E5EC329B737EA0063553B /* UIView+Extension.swift */,
				8E88174329CA332A00CDDC7E /* UILabel+Extension.swift */,
			);
			path = Helpers;
			sourceTree = "<group>";
		};
		8E3E5ED129B8E0180063553B /* Network */ = {
			isa = PBXGroup;
			children = (
				8E91DB4129ED08FB0087DB00 /* FavouriteManger */,
				8E91DB4029ED08F00087DB00 /* NetworkManager */,
			);
			path = Network;
			sourceTree = "<group>";
		};
		8E3E5ED429BA40E10063553B /* Model */ = {
			isa = PBXGroup;
			children = (
				8E3E5ED529BA40F80063553B /* CategoriesList.swift */,
				8E88173829C8DCB900CDDC7E /* CategoriesTagList.swift */,
				8E88173A29C8DCC900CDDC7E /* IngredientsTagList.swift */,
				8E88173C29C8DCD600CDDC7E /* AreasTagList.swift */,
				8E0C8FCB29BB3F2F003104FB /* ReсipeList.swift */,
				8E0C8FCD29BB3FD0003104FB /* RecipeOfCategoryList.swift */,
			);
			path = Model;
			sourceTree = "<group>";
		};
		8E40DF4029A769D9001A7E8B /* AllRecipes */ = {
			isa = PBXGroup;
			children = (
				8E40DF4129A76A7C001A7E8B /* AllRecipesTableViewController.swift */,
			);
			path = AllRecipes;
			sourceTree = "<group>";
		};
		8E41FA3C29A47E6F0068C678 = {
			isa = PBXGroup;
			children = (
				8E41FA4729A47E6F0068C678 /* MakeSomeFood */,
				8E41FA4629A47E6F0068C678 /* Products */,
				8E91DB8429F2D0EE0087DB00 /* Frameworks */,
			);
			sourceTree = "<group>";
		};
		8E41FA4629A47E6F0068C678 /* Products */ = {
			isa = PBXGroup;
			children = (
				8E41FA4529A47E6F0068C678 /* MakeSomeFood.app */,
			);
			name = Products;
			sourceTree = "<group>";
		};
		8E41FA4729A47E6F0068C678 /* MakeSomeFood */ = {
			isa = PBXGroup;
			children = (
				8E3E5EBE29B7376D0063553B /* Helpers */,
				8E3E5ED129B8E0180063553B /* Network */,
				8E46D23929A4C331001D1106 /* Screensaver */,
				8E46D24429A6919B001D1106 /* Home */,
				8EDB329F29AF9B6100DA5B61 /* Search */,
				8EDB32A429AF9C4900DA5B61 /* Favourite */,
				8E88174029CA2CE400CDDC7E /* ProfileControllers */,
				8ECF034029BDDD2500A21A9D /* RecipesOfCategory */,
				8EFF463929B22EAA00AD3CC9 /* Cooking */,
				8E40DF4029A769D9001A7E8B /* AllRecipes */,
				8E41FA4829A47E6F0068C678 /* AppDelegate.swift */,
				8E41FA4A29A47E6F0068C678 /* SceneDelegate.swift */,
				8E41FA5329A47E710068C678 /* LaunchScreen.storyboard */,
				8E41FA5629A47E710068C678 /* Info.plist */,
				8E76C2FA29D69E5800A96A34 /* GoogleService-Info.plist */,
				8E41FA5129A47E710068C678 /* Assets.xcassets */,
				8E46D20E29A48250001D1106 /* fonts */,
			);
			path = MakeSomeFood;
			sourceTree = "<group>";
		};
		8E46D20E29A48250001D1106 /* fonts */ = {
			isa = PBXGroup;
			children = (
				8E46D21329A482DF001D1106 /* Montserrat-Black.ttf */,
				8E46D21729A482DF001D1106 /* Montserrat-BlackItalic.ttf */,
				8E46D21629A482DF001D1106 /* Montserrat-Bold.ttf */,
				8E46D21829A482DF001D1106 /* Montserrat-BoldItalic.ttf */,
				8E46D21A29A482DF001D1106 /* Montserrat-ExtraBold.ttf */,
				8E46D21229A482DF001D1106 /* Montserrat-ExtraBoldItalic.ttf */,
				8E46D21E29A482E0001D1106 /* Montserrat-ExtraLight.ttf */,
				8E46D21029A482DF001D1106 /* Montserrat-ExtraLightItalic.ttf */,
				8E46D21C29A482E0001D1106 /* Montserrat-Italic.ttf */,
				8E46D20F29A482DF001D1106 /* Montserrat-Light.ttf */,
				8E46D21129A482DF001D1106 /* Montserrat-LightItalic.ttf */,
				8E46D21929A482DF001D1106 /* Montserrat-Medium.ttf */,
				8E46D21D29A482E0001D1106 /* Montserrat-MediumItalic.ttf */,
				8E46D21F29A482E0001D1106 /* Montserrat-Regular.ttf */,
				8E46D22029A482E0001D1106 /* Montserrat-SemiBold.ttf */,
				8E46D21B29A482DF001D1106 /* Montserrat-SemiBoldItalic.ttf */,
				8E46D21429A482DF001D1106 /* Montserrat-Thin.ttf */,
				8E46D21529A482DF001D1106 /* Montserrat-ThinItalic.ttf */,
			);
			path = fonts;
			sourceTree = "<group>";
		};
		8E46D23929A4C331001D1106 /* Screensaver */ = {
			isa = PBXGroup;
			children = (
				8EDB32A329AF9BA900DA5B61 /* Controller */,
			);
			path = Screensaver;
			sourceTree = "<group>";
		};
		8E46D23A29A4C345001D1106 /* Login */ = {
			isa = PBXGroup;
			children = (
				8E41FA4C29A47E6F0068C678 /* LoginViewController.swift */,
				8E46D23D29A4CB32001D1106 /* View */,
			);
			path = Login;
			sourceTree = "<group>";
		};
		8E46D23D29A4CB32001D1106 /* View */ = {
			isa = PBXGroup;
			children = (
				8E46D23B29A4CB2C001D1106 /* TextFieldView.swift */,
			);
			path = View;
			sourceTree = "<group>";
		};
		8E46D23E29A5D1A0001D1106 /* Registration */ = {
			isa = PBXGroup;
			children = (
				8E46D23F29A5D1C4001D1106 /* RegistrationViewController.swift */,
			);
			path = Registration;
			sourceTree = "<group>";
		};
		8E46D24129A617B1001D1106 /* Profile */ = {
			isa = PBXGroup;
			children = (
				8E46D24229A617E8001D1106 /* ProfileViewController.swift */,
			);
			path = Profile;
			sourceTree = "<group>";
		};
		8E46D24429A6919B001D1106 /* Home */ = {
			isa = PBXGroup;
			children = (
				8E46D24829A6921E001D1106 /* View */,
				8E46D24729A69213001D1106 /* Controller */,
			);
			path = Home;
			sourceTree = "<group>";
		};
		8E46D24729A69213001D1106 /* Controller */ = {
			isa = PBXGroup;
			children = (
				8E46D24529A691D9001D1106 /* HomeTableViewController.swift */,
			);
			path = Controller;
			sourceTree = "<group>";
		};
		8E46D24829A6921E001D1106 /* View */ = {
			isa = PBXGroup;
			children = (
				8E46D24F29A69EF1001D1106 /* CategorieTableViewCell.swift */,
				8E40DF4329A770A3001A7E8B /* HeaderView.swift */,
				8E0C8FCF29BB968E003104FB /* HomeTableHeaderView.swift */,
				8E46D24929A69251001D1106 /* RecipeCardView.swift */,
				8E46D24B29A69AB5001D1106 /* RecipeTableViewCell.swift */,
			);
			path = View;
			sourceTree = "<group>";
		};
		8E4F4A5A29B5AF6D00678DE2 /* View */ = {
			isa = PBXGroup;
			children = (
				8E4F4A5B29B5AF9700678DE2 /* TagCollectionViewCell.swift */,
				8E88173629C8B19800CDDC7E /* SearchCompositionalLayout.swift */,
				8E16671729B5F07A0096475C /* RecipeCollectionViewCell.swift */,
				8E88173E29C9AF7D00CDDC7E /* SearchHeaderView.swift */,
			);
			path = View;
			sourceTree = "<group>";
		};
		8E76C30929D6A36C00A96A34 /* Main */ = {
			isa = PBXGroup;
			children = (
				8E4F4A5A29B5AF6D00678DE2 /* View */,
				8EDB32A229AF9B9B00DA5B61 /* Controller */,
			);
			path = Main;
			sourceTree = "<group>";
		};
		8E88174029CA2CE400CDDC7E /* ProfileControllers */ = {
			isa = PBXGroup;
			children = (
				8E46D23A29A4C345001D1106 /* Login */,
				8E46D24129A617B1001D1106 /* Profile */,
				8E46D23E29A5D1A0001D1106 /* Registration */,
			);
			path = ProfileControllers;
			sourceTree = "<group>";
		};
		8E88174529CAC5BA00CDDC7E /* AllTags */ = {
			isa = PBXGroup;
			children = (
				8E88174829CAC5DE00CDDC7E /* Controller */,
			);
			path = AllTags;
			sourceTree = "<group>";
		};
		8E88174829CAC5DE00CDDC7E /* Controller */ = {
			isa = PBXGroup;
			children = (
				8E88174629CAC5D900CDDC7E /* AllTagsCollectionViewController.swift */,
			);
			path = Controller;
			sourceTree = "<group>";
		};
		8E91DB4029ED08F00087DB00 /* NetworkManager */ = {
			isa = PBXGroup;
			children = (
				8E3E5ED229B8E0420063553B /* ApiManager.swift */,
				8E3E5ED429BA40E10063553B /* Model */,
			);
			path = NetworkManager;
			sourceTree = "<group>";
		};
		8E91DB4129ED08FB0087DB00 /* FavouriteManger */ = {
			isa = PBXGroup;
			children = (
				8E91DB4229ED091C0087DB00 /* FavouriteManager.swift */,
			);
			path = FavouriteManger;
			sourceTree = "<group>";
		};
		8E91DB8429F2D0EE0087DB00 /* Frameworks */ = {
			isa = PBXGroup;
			children = (
			);
			name = Frameworks;
			sourceTree = "<group>";
		};
		8ECF034029BDDD2500A21A9D /* RecipesOfCategory */ = {
			isa = PBXGroup;
			children = (
				8ECF034429BDDD6800A21A9D /* View */,
				8ECF034329BDDD5E00A21A9D /* Controller */,
			);
			path = RecipesOfCategory;
			sourceTree = "<group>";
		};
		8ECF034329BDDD5E00A21A9D /* Controller */ = {
			isa = PBXGroup;
			children = (
				8ECF034129BDDD5900A21A9D /* RecipesOfCategoryTableViewController.swift */,
			);
			path = Controller;
			sourceTree = "<group>";
		};
		8ECF034429BDDD6800A21A9D /* View */ = {
			isa = PBXGroup;
			children = (
			);
			path = View;
			sourceTree = "<group>";
		};
		8EDB329F29AF9B6100DA5B61 /* Search */ = {
			isa = PBXGroup;
			children = (
				8E76C30929D6A36C00A96A34 /* Main */,
				8E88174529CAC5BA00CDDC7E /* AllTags */,
			);
			path = Search;
			sourceTree = "<group>";
		};
		8EDB32A229AF9B9B00DA5B61 /* Controller */ = {
			isa = PBXGroup;
			children = (
				8EDB32A029AF9B9700DA5B61 /* SearchCollectionViewController.swift */,
			);
			path = Controller;
			sourceTree = "<group>";
		};
		8EDB32A329AF9BA900DA5B61 /* Controller */ = {
			isa = PBXGroup;
			children = (
				8E46D23729A4C328001D1106 /* ScreensaverViewController.swift */,
			);
			path = Controller;
			sourceTree = "<group>";
		};
		8EDB32A429AF9C4900DA5B61 /* Favourite */ = {
			isa = PBXGroup;
			children = (
				8EDB32A729AF9C6800DA5B61 /* Controller */,
			);
			path = Favourite;
			sourceTree = "<group>";
		};
		8EDB32A729AF9C6800DA5B61 /* Controller */ = {
			isa = PBXGroup;
			children = (
				8EDB32A529AF9C6400DA5B61 /* FavouritesTableViewController.swift */,
			);
			path = Controller;
			sourceTree = "<group>";
		};
		8EFF463929B22EAA00AD3CC9 /* Cooking */ = {
			isa = PBXGroup;
			children = (
				8EFF463D29B22FA600AD3CC9 /* View */,
				8EFF463C29B22F9C00AD3CC9 /* Controller */,
			);
			path = Cooking;
			sourceTree = "<group>";
		};
		8EFF463C29B22F9C00AD3CC9 /* Controller */ = {
			isa = PBXGroup;
			children = (
				8EFF463A29B22F0D00AD3CC9 /* CookingViewController.swift */,
			);
			path = Controller;
			sourceTree = "<group>";
		};
		8EFF463D29B22FA600AD3CC9 /* View */ = {
			isa = PBXGroup;
			children = (
				8E3E5EC529B7998C0063553B /* NameOfRecipeTableViewCell.swift */,
				8E3E5ECF29B7A9160063553B /* CookingFooterTableViewCell.swift */,
				8E3E5EC929B7A58D0063553B /* IngredientsTableViewCell.swift */,
				8E3E5ECB29B7A5D90063553B /* InstructionsTableViewCell.swift */,
				8EFF463E29B22FCB00AD3CC9 /* CookingHeaderView.swift */,
				8E3E5ECD29B7A77A0063553B /* CookingFooterView.swift */,
			);
			path = View;
			sourceTree = "<group>";
		};
/* End PBXGroup section */

/* Begin PBXNativeTarget section */
		8E41FA4429A47E6F0068C678 /* MakeSomeFood */ = {
			isa = PBXNativeTarget;
			buildConfigurationList = 8E41FA5929A47E710068C678 /* Build configuration list for PBXNativeTarget "MakeSomeFood" */;
			buildPhases = (
				8E41FA4129A47E6F0068C678 /* Sources */,
				8E41FA4229A47E6F0068C678 /* Frameworks */,
				8E41FA4329A47E6F0068C678 /* Resources */,
			);
			buildRules = (
			);
			dependencies = (
			);
			name = MakeSomeFood;
			packageProductDependencies = (
				8E0C8FC929BB310E003104FB /* Kingfisher */,
				8E76C2FD29D6A32200A96A34 /* FirebaseAnalyticsSwift */,
				8E76C2FF29D6A32200A96A34 /* FirebaseAuth */,
				8E76C30129D6A32200A96A34 /* FirebaseCrashlytics */,
				8E76C30329D6A32200A96A34 /* FirebaseDatabaseSwift */,
				8E76C30529D6A32200A96A34 /* FirebaseMessaging */,
				8E76C30729D6A32200A96A34 /* FirebaseRemoteConfigSwift */,
				8E91DB8529F2D0EE0087DB00 /* FirebaseStorage */,
			);
			productName = MakeSomeFood;
			productReference = 8E41FA4529A47E6F0068C678 /* MakeSomeFood.app */;
			productType = "com.apple.product-type.application";
		};
/* End PBXNativeTarget section */

/* Begin PBXProject section */
		8E41FA3D29A47E6F0068C678 /* Project object */ = {
			isa = PBXProject;
			attributes = {
				BuildIndependentTargetsInParallel = 1;
				LastSwiftUpdateCheck = 1420;
				LastUpgradeCheck = 1420;
				TargetAttributes = {
					8E41FA4429A47E6F0068C678 = {
						CreatedOnToolsVersion = 14.2;
					};
				};
			};
			buildConfigurationList = 8E41FA4029A47E6F0068C678 /* Build configuration list for PBXProject "MakeSomeFood" */;
			compatibilityVersion = "Xcode 14.0";
			developmentRegion = en;
			hasScannedForEncodings = 0;
			knownRegions = (
				en,
				Base,
			);
			mainGroup = 8E41FA3C29A47E6F0068C678;
			packageReferences = (
				8E0C8FC829BB310E003104FB /* XCRemoteSwiftPackageReference "Kingfisher" */,
				8E76C2FC29D6A32200A96A34 /* XCRemoteSwiftPackageReference "firebase-ios-sdk" */,
			);
			productRefGroup = 8E41FA4629A47E6F0068C678 /* Products */;
			projectDirPath = "";
			projectRoot = "";
			targets = (
				8E41FA4429A47E6F0068C678 /* MakeSomeFood */,
			);
		};
/* End PBXProject section */

/* Begin PBXResourcesBuildPhase section */
		8E41FA4329A47E6F0068C678 /* Resources */ = {
			isa = PBXResourcesBuildPhase;
			buildActionMask = 2147483647;
			files = (
				8E46D22A29A482E0001D1106 /* Montserrat-BoldItalic.ttf in Resources */,
				8E46D22829A482E0001D1106 /* Montserrat-Bold.ttf in Resources */,
				8E46D22129A482E0001D1106 /* Montserrat-Light.ttf in Resources */,
				8E46D22E29A482E0001D1106 /* Montserrat-Italic.ttf in Resources */,
				8E46D22D29A482E0001D1106 /* Montserrat-SemiBoldItalic.ttf in Resources */,
				8E46D22929A482E0001D1106 /* Montserrat-BlackItalic.ttf in Resources */,
				8E46D23129A482E0001D1106 /* Montserrat-Regular.ttf in Resources */,
				8E46D22C29A482E0001D1106 /* Montserrat-ExtraBold.ttf in Resources */,
				8E16CC3E29B5AE5700707E78 /* Montserrat-Black.ttf in Resources */,
				8E46D22229A482E0001D1106 /* Montserrat-ExtraLightItalic.ttf in Resources */,
				8E46D22F29A482E0001D1106 /* Montserrat-MediumItalic.ttf in Resources */,
				8E46D22429A482E0001D1106 /* Montserrat-ExtraBoldItalic.ttf in Resources */,
				8E46D22729A482E0001D1106 /* Montserrat-ThinItalic.ttf in Resources */,
				8E88173529C70F7000CDDC7E /* LaunchScreen.storyboard in Resources */,
				8E46D23229A482E0001D1106 /* Montserrat-SemiBold.ttf in Resources */,
				8E46D23029A482E0001D1106 /* Montserrat-ExtraLight.ttf in Resources */,
				8E46D22329A482E0001D1106 /* Montserrat-LightItalic.ttf in Resources */,
				8E46D22B29A482E0001D1106 /* Montserrat-Medium.ttf in Resources */,
				8E46D22629A482E0001D1106 /* Montserrat-Thin.ttf in Resources */,
				8E41FA5229A47E710068C678 /* Assets.xcassets in Resources */,
				8E76C2FB29D69E5800A96A34 /* GoogleService-Info.plist in Resources */,
			);
			runOnlyForDeploymentPostprocessing = 0;
		};
/* End PBXResourcesBuildPhase section */

/* Begin PBXSourcesBuildPhase section */
		8E41FA4129A47E6F0068C678 /* Sources */ = {
			isa = PBXSourcesBuildPhase;
			buildActionMask = 2147483647;
			files = (
				8E0C8FCE29BB3FD0003104FB /* RecipeOfCategoryList.swift in Sources */,
				8E88174429CA332A00CDDC7E /* UILabel+Extension.swift in Sources */,
				8EDB32A129AF9B9700DA5B61 /* SearchCollectionViewController.swift in Sources */,
				8E46D24629A691D9001D1106 /* HomeTableViewController.swift in Sources */,
				8E46D24C29A69AB5001D1106 /* RecipeTableViewCell.swift in Sources */,
				8E88174729CAC5D900CDDC7E /* AllTagsCollectionViewController.swift in Sources */,
				8E3E5EC629B7998C0063553B /* NameOfRecipeTableViewCell.swift in Sources */,
				8E88173B29C8DCC900CDDC7E /* IngredientsTagList.swift in Sources */,
				8E3E5EC029B737850063553B /* UIColor+Extension.swift in Sources */,
				8EDB32A629AF9C6400DA5B61 /* FavouritesTableViewController.swift in Sources */,
				8E76C30D29D8444A00A96A34 /* TagsType.swift in Sources */,
				8E91DB4329ED091C0087DB00 /* FavouriteManager.swift in Sources */,
				8E3E5EC229B737C40063553B /* UIFont+Extension.swift in Sources */,
				8E40DF4229A76A7C001A7E8B /* AllRecipesTableViewController.swift in Sources */,
				8E88173D29C8DCD600CDDC7E /* AreasTagList.swift in Sources */,
				8E3E5ED029B7A9160063553B /* CookingFooterTableViewCell.swift in Sources */,
				8ECF034229BDDD5900A21A9D /* RecipesOfCategoryTableViewController.swift in Sources */,
				8EFF463F29B22FCB00AD3CC9 /* CookingHeaderView.swift in Sources */,
				8E3E5ECA29B7A58D0063553B /* IngredientsTableViewCell.swift in Sources */,
				8E46D24029A5D1C4001D1106 /* RegistrationViewController.swift in Sources */,
				8E46D24A29A69251001D1106 /* RecipeCardView.swift in Sources */,
				8E88173729C8B19800CDDC7E /* SearchCompositionalLayout.swift in Sources */,
				8EFF463B29B22F0D00AD3CC9 /* CookingViewController.swift in Sources */,
				8E3E5ECE29B7A77A0063553B /* CookingFooterView.swift in Sources */,
				8E41FA4D29A47E6F0068C678 /* LoginViewController.swift in Sources */,
				8E46D25029A69EF1001D1106 /* CategorieTableViewCell.swift in Sources */,
				8E3E5ED629BA40F80063553B /* CategoriesList.swift in Sources */,
				8E3E5EC829B79B390063553B /* LabelWithInsets.swift in Sources */,
				8E46D23C29A4CB2C001D1106 /* TextFieldView.swift in Sources */,
				8E0C8FCC29BB3F2F003104FB /* ReсipeList.swift in Sources */,
				8E88173F29C9AF7E00CDDC7E /* SearchHeaderView.swift in Sources */,
				8E41FA4929A47E6F0068C678 /* AppDelegate.swift in Sources */,
				8E46D24329A617E8001D1106 /* ProfileViewController.swift in Sources */,
				8E3E5EC429B737EA0063553B /* UIView+Extension.swift in Sources */,
				8E0C8FD029BB968E003104FB /* HomeTableHeaderView.swift in Sources */,
				8E4F4A5C29B5AF9700678DE2 /* TagCollectionViewCell.swift in Sources */,
				8E46D23829A4C328001D1106 /* ScreensaverViewController.swift in Sources */,
				8E16671829B5F07A0096475C /* RecipeCollectionViewCell.swift in Sources */,
				8E41FA4B29A47E6F0068C678 /* SceneDelegate.swift in Sources */,
				8E3E5ECC29B7A5D90063553B /* InstructionsTableViewCell.swift in Sources */,
				8E3E5ED329B8E0420063553B /* ApiManager.swift in Sources */,
				8E40DF4429A770A3001A7E8B /* HeaderView.swift in Sources */,
				8E88173929C8DCB900CDDC7E /* CategoriesTagList.swift in Sources */,
				8E76C30B29D83F1600A96A34 /* RecipePresenting.swift in Sources */,
			);
			runOnlyForDeploymentPostprocessing = 0;
		};
/* End PBXSourcesBuildPhase section */

/* Begin PBXVariantGroup section */
		8E41FA5329A47E710068C678 /* LaunchScreen.storyboard */ = {
			isa = PBXVariantGroup;
			children = (
				8E41FA5429A47E710068C678 /* Base */,
			);
			name = LaunchScreen.storyboard;
			sourceTree = "<group>";
		};
/* End PBXVariantGroup section */

/* Begin XCBuildConfiguration section */
		8E41FA5729A47E710068C678 /* Debug */ = {
			isa = XCBuildConfiguration;
			buildSettings = {
				ALWAYS_SEARCH_USER_PATHS = NO;
				CLANG_ANALYZER_NONNULL = YES;
				CLANG_ANALYZER_NUMBER_OBJECT_CONVERSION = YES_AGGRESSIVE;
				CLANG_CXX_LANGUAGE_STANDARD = "gnu++20";
				CLANG_ENABLE_MODULES = YES;
				CLANG_ENABLE_OBJC_ARC = YES;
				CLANG_ENABLE_OBJC_WEAK = YES;
				CLANG_WARN_BLOCK_CAPTURE_AUTORELEASING = YES;
				CLANG_WARN_BOOL_CONVERSION = YES;
				CLANG_WARN_COMMA = YES;
				CLANG_WARN_CONSTANT_CONVERSION = YES;
				CLANG_WARN_DEPRECATED_OBJC_IMPLEMENTATIONS = YES;
				CLANG_WARN_DIRECT_OBJC_ISA_USAGE = YES_ERROR;
				CLANG_WARN_DOCUMENTATION_COMMENTS = YES;
				CLANG_WARN_EMPTY_BODY = YES;
				CLANG_WARN_ENUM_CONVERSION = YES;
				CLANG_WARN_INFINITE_RECURSION = YES;
				CLANG_WARN_INT_CONVERSION = YES;
				CLANG_WARN_NON_LITERAL_NULL_CONVERSION = YES;
				CLANG_WARN_OBJC_IMPLICIT_RETAIN_SELF = YES;
				CLANG_WARN_OBJC_LITERAL_CONVERSION = YES;
				CLANG_WARN_OBJC_ROOT_CLASS = YES_ERROR;
				CLANG_WARN_QUOTED_INCLUDE_IN_FRAMEWORK_HEADER = YES;
				CLANG_WARN_RANGE_LOOP_ANALYSIS = YES;
				CLANG_WARN_STRICT_PROTOTYPES = YES;
				CLANG_WARN_SUSPICIOUS_MOVE = YES;
				CLANG_WARN_UNGUARDED_AVAILABILITY = YES_AGGRESSIVE;
				CLANG_WARN_UNREACHABLE_CODE = YES;
				CLANG_WARN__DUPLICATE_METHOD_MATCH = YES;
				COPY_PHASE_STRIP = NO;
				DEBUG_INFORMATION_FORMAT = dwarf;
				ENABLE_STRICT_OBJC_MSGSEND = YES;
				ENABLE_TESTABILITY = YES;
				GCC_C_LANGUAGE_STANDARD = gnu11;
				GCC_DYNAMIC_NO_PIC = NO;
				GCC_NO_COMMON_BLOCKS = YES;
				GCC_OPTIMIZATION_LEVEL = 0;
				GCC_PREPROCESSOR_DEFINITIONS = (
					"DEBUG=1",
					"$(inherited)",
				);
				GCC_WARN_64_TO_32_BIT_CONVERSION = YES;
				GCC_WARN_ABOUT_RETURN_TYPE = YES_ERROR;
				GCC_WARN_UNDECLARED_SELECTOR = YES;
				GCC_WARN_UNINITIALIZED_AUTOS = YES_AGGRESSIVE;
				GCC_WARN_UNUSED_FUNCTION = YES;
				GCC_WARN_UNUSED_VARIABLE = YES;
				IPHONEOS_DEPLOYMENT_TARGET = 16.2;
				MTL_ENABLE_DEBUG_INFO = INCLUDE_SOURCE;
				MTL_FAST_MATH = YES;
				ONLY_ACTIVE_ARCH = YES;
				SDKROOT = iphoneos;
				SWIFT_ACTIVE_COMPILATION_CONDITIONS = DEBUG;
				SWIFT_OPTIMIZATION_LEVEL = "-Onone";
			};
			name = Debug;
		};
		8E41FA5829A47E710068C678 /* Release */ = {
			isa = XCBuildConfiguration;
			buildSettings = {
				ALWAYS_SEARCH_USER_PATHS = NO;
				CLANG_ANALYZER_NONNULL = YES;
				CLANG_ANALYZER_NUMBER_OBJECT_CONVERSION = YES_AGGRESSIVE;
				CLANG_CXX_LANGUAGE_STANDARD = "gnu++20";
				CLANG_ENABLE_MODULES = YES;
				CLANG_ENABLE_OBJC_ARC = YES;
				CLANG_ENABLE_OBJC_WEAK = YES;
				CLANG_WARN_BLOCK_CAPTURE_AUTORELEASING = YES;
				CLANG_WARN_BOOL_CONVERSION = YES;
				CLANG_WARN_COMMA = YES;
				CLANG_WARN_CONSTANT_CONVERSION = YES;
				CLANG_WARN_DEPRECATED_OBJC_IMPLEMENTATIONS = YES;
				CLANG_WARN_DIRECT_OBJC_ISA_USAGE = YES_ERROR;
				CLANG_WARN_DOCUMENTATION_COMMENTS = YES;
				CLANG_WARN_EMPTY_BODY = YES;
				CLANG_WARN_ENUM_CONVERSION = YES;
				CLANG_WARN_INFINITE_RECURSION = YES;
				CLANG_WARN_INT_CONVERSION = YES;
				CLANG_WARN_NON_LITERAL_NULL_CONVERSION = YES;
				CLANG_WARN_OBJC_IMPLICIT_RETAIN_SELF = YES;
				CLANG_WARN_OBJC_LITERAL_CONVERSION = YES;
				CLANG_WARN_OBJC_ROOT_CLASS = YES_ERROR;
				CLANG_WARN_QUOTED_INCLUDE_IN_FRAMEWORK_HEADER = YES;
				CLANG_WARN_RANGE_LOOP_ANALYSIS = YES;
				CLANG_WARN_STRICT_PROTOTYPES = YES;
				CLANG_WARN_SUSPICIOUS_MOVE = YES;
				CLANG_WARN_UNGUARDED_AVAILABILITY = YES_AGGRESSIVE;
				CLANG_WARN_UNREACHABLE_CODE = YES;
				CLANG_WARN__DUPLICATE_METHOD_MATCH = YES;
				COPY_PHASE_STRIP = NO;
				DEBUG_INFORMATION_FORMAT = "dwarf-with-dsym";
				ENABLE_NS_ASSERTIONS = NO;
				ENABLE_STRICT_OBJC_MSGSEND = YES;
				GCC_C_LANGUAGE_STANDARD = gnu11;
				GCC_NO_COMMON_BLOCKS = YES;
				GCC_WARN_64_TO_32_BIT_CONVERSION = YES;
				GCC_WARN_ABOUT_RETURN_TYPE = YES_ERROR;
				GCC_WARN_UNDECLARED_SELECTOR = YES;
				GCC_WARN_UNINITIALIZED_AUTOS = YES_AGGRESSIVE;
				GCC_WARN_UNUSED_FUNCTION = YES;
				GCC_WARN_UNUSED_VARIABLE = YES;
				IPHONEOS_DEPLOYMENT_TARGET = 16.2;
				MTL_ENABLE_DEBUG_INFO = NO;
				MTL_FAST_MATH = YES;
				SDKROOT = iphoneos;
				SWIFT_COMPILATION_MODE = wholemodule;
				SWIFT_OPTIMIZATION_LEVEL = "-O";
				VALIDATE_PRODUCT = YES;
			};
			name = Release;
		};
		8E41FA5A29A47E710068C678 /* Debug */ = {
			isa = XCBuildConfiguration;
			buildSettings = {
				ASSETCATALOG_COMPILER_APPICON_NAME = AppIcon;
				ASSETCATALOG_COMPILER_GLOBAL_ACCENT_COLOR_NAME = AccentColor;
				CODE_SIGN_STYLE = Automatic;
				CURRENT_PROJECT_VERSION = 1;
				DEVELOPMENT_TEAM = L8N4UC72DZ;
				GENERATE_INFOPLIST_FILE = YES;
				INFOPLIST_FILE = MakeSomeFood/Info.plist;
				INFOPLIST_KEY_UIApplicationSupportsIndirectInputEvents = YES;
				INFOPLIST_KEY_UILaunchStoryboardName = LaunchScreen;
				INFOPLIST_KEY_UIMainStoryboardFile = "";
				INFOPLIST_KEY_UISupportedInterfaceOrientations_iPad = "UIInterfaceOrientationPortrait UIInterfaceOrientationPortraitUpsideDown UIInterfaceOrientationLandscapeLeft UIInterfaceOrientationLandscapeRight";
				INFOPLIST_KEY_UISupportedInterfaceOrientations_iPhone = "UIInterfaceOrientationPortrait UIInterfaceOrientationLandscapeLeft UIInterfaceOrientationLandscapeRight";
				LD_RUNPATH_SEARCH_PATHS = (
					"$(inherited)",
					"@executable_path/Frameworks",
				);
				MARKETING_VERSION = 1.0;
				OTHER_LDFLAGS = "-ObjC";
				PRODUCT_BUNDLE_IDENTIFIER = ru.Luiza.MakeSomeFood;
				PRODUCT_NAME = "$(TARGET_NAME)";
				SWIFT_EMIT_LOC_STRINGS = YES;
				SWIFT_VERSION = 5.0;
				TARGETED_DEVICE_FAMILY = "1,2";
			};
			name = Debug;
		};
		8E41FA5B29A47E710068C678 /* Release */ = {
			isa = XCBuildConfiguration;
			buildSettings = {
				ASSETCATALOG_COMPILER_APPICON_NAME = AppIcon;
				ASSETCATALOG_COMPILER_GLOBAL_ACCENT_COLOR_NAME = AccentColor;
				CODE_SIGN_STYLE = Automatic;
				CURRENT_PROJECT_VERSION = 1;
				DEVELOPMENT_TEAM = L8N4UC72DZ;
				GENERATE_INFOPLIST_FILE = YES;
				INFOPLIST_FILE = MakeSomeFood/Info.plist;
				INFOPLIST_KEY_UIApplicationSupportsIndirectInputEvents = YES;
				INFOPLIST_KEY_UILaunchStoryboardName = LaunchScreen;
				INFOPLIST_KEY_UIMainStoryboardFile = "";
				INFOPLIST_KEY_UISupportedInterfaceOrientations_iPad = "UIInterfaceOrientationPortrait UIInterfaceOrientationPortraitUpsideDown UIInterfaceOrientationLandscapeLeft UIInterfaceOrientationLandscapeRight";
				INFOPLIST_KEY_UISupportedInterfaceOrientations_iPhone = "UIInterfaceOrientationPortrait UIInterfaceOrientationLandscapeLeft UIInterfaceOrientationLandscapeRight";
				LD_RUNPATH_SEARCH_PATHS = (
					"$(inherited)",
					"@executable_path/Frameworks",
				);
				MARKETING_VERSION = 1.0;
				OTHER_LDFLAGS = "-ObjC";
				PRODUCT_BUNDLE_IDENTIFIER = ru.Luiza.MakeSomeFood;
				PRODUCT_NAME = "$(TARGET_NAME)";
				SWIFT_EMIT_LOC_STRINGS = YES;
				SWIFT_VERSION = 5.0;
				TARGETED_DEVICE_FAMILY = "1,2";
			};
			name = Release;
		};
/* End XCBuildConfiguration section */

/* Begin XCConfigurationList section */
		8E41FA4029A47E6F0068C678 /* Build configuration list for PBXProject "MakeSomeFood" */ = {
			isa = XCConfigurationList;
			buildConfigurations = (
				8E41FA5729A47E710068C678 /* Debug */,
				8E41FA5829A47E710068C678 /* Release */,
			);
			defaultConfigurationIsVisible = 0;
			defaultConfigurationName = Release;
		};
		8E41FA5929A47E710068C678 /* Build configuration list for PBXNativeTarget "MakeSomeFood" */ = {
			isa = XCConfigurationList;
			buildConfigurations = (
				8E41FA5A29A47E710068C678 /* Debug */,
				8E41FA5B29A47E710068C678 /* Release */,
			);
			defaultConfigurationIsVisible = 0;
			defaultConfigurationName = Release;
		};
/* End XCConfigurationList section */

/* Begin XCRemoteSwiftPackageReference section */
		8E0C8FC829BB310E003104FB /* XCRemoteSwiftPackageReference "Kingfisher" */ = {
			isa = XCRemoteSwiftPackageReference;
			repositoryURL = "https://github.com/onevcat/Kingfisher.git";
			requirement = {
				branch = master;
				kind = branch;
			};
		};
		8E76C2FC29D6A32200A96A34 /* XCRemoteSwiftPackageReference "firebase-ios-sdk" */ = {
			isa = XCRemoteSwiftPackageReference;
			repositoryURL = "https://github.com/firebase/firebase-ios-sdk.git";
			requirement = {
				kind = upToNextMajorVersion;
				minimumVersion = 9.0.0;
			};
		};
/* End XCRemoteSwiftPackageReference section */

/* Begin XCSwiftPackageProductDependency section */
		8E0C8FC929BB310E003104FB /* Kingfisher */ = {
			isa = XCSwiftPackageProductDependency;
			package = 8E0C8FC829BB310E003104FB /* XCRemoteSwiftPackageReference "Kingfisher" */;
			productName = Kingfisher;
		};
		8E76C2FD29D6A32200A96A34 /* FirebaseAnalyticsSwift */ = {
			isa = XCSwiftPackageProductDependency;
			package = 8E76C2FC29D6A32200A96A34 /* XCRemoteSwiftPackageReference "firebase-ios-sdk" */;
			productName = FirebaseAnalyticsSwift;
		};
		8E76C2FF29D6A32200A96A34 /* FirebaseAuth */ = {
			isa = XCSwiftPackageProductDependency;
			package = 8E76C2FC29D6A32200A96A34 /* XCRemoteSwiftPackageReference "firebase-ios-sdk" */;
			productName = FirebaseAuth;
		};
		8E76C30129D6A32200A96A34 /* FirebaseCrashlytics */ = {
			isa = XCSwiftPackageProductDependency;
			package = 8E76C2FC29D6A32200A96A34 /* XCRemoteSwiftPackageReference "firebase-ios-sdk" */;
			productName = FirebaseCrashlytics;
		};
		8E76C30329D6A32200A96A34 /* FirebaseDatabaseSwift */ = {
			isa = XCSwiftPackageProductDependency;
			package = 8E76C2FC29D6A32200A96A34 /* XCRemoteSwiftPackageReference "firebase-ios-sdk" */;
			productName = FirebaseDatabaseSwift;
		};
		8E76C30529D6A32200A96A34 /* FirebaseMessaging */ = {
			isa = XCSwiftPackageProductDependency;
			package = 8E76C2FC29D6A32200A96A34 /* XCRemoteSwiftPackageReference "firebase-ios-sdk" */;
			productName = FirebaseMessaging;
		};
		8E76C30729D6A32200A96A34 /* FirebaseRemoteConfigSwift */ = {
			isa = XCSwiftPackageProductDependency;
			package = 8E76C2FC29D6A32200A96A34 /* XCRemoteSwiftPackageReference "firebase-ios-sdk" */;
			productName = FirebaseRemoteConfigSwift;
		};
		8E91DB8529F2D0EE0087DB00 /* FirebaseStorage */ = {
			isa = XCSwiftPackageProductDependency;
			package = 8E76C2FC29D6A32200A96A34 /* XCRemoteSwiftPackageReference "firebase-ios-sdk" */;
			productName = FirebaseStorage;
		};
/* End XCSwiftPackageProductDependency section */
	};
	rootObject = 8E41FA3D29A47E6F0068C678 /* Project object */;
}
